
Microsoft Visual Studio Solution File, Format Version 12.00
# Visual Studio Version 16
VisualStudioVersion = 16.0.30611.23
MinimumVisualStudioVersion = 10.0.40219.1
Project("{FAE04EC0-301F-11D3-BF4B-00C04F79EFBC}") = "ZintomShellHelper", "ZintomShellHelper\ZintomShellHelper.csproj", "{D09280FA-2F53-469B-BAC6-C9A340968CA3}"
EndProject
Project("{FAE04EC0-301F-11D3-BF4B-00C04F79EFBC}") = "DemoProject", "DemoProject\DemoProject.csproj", "{7A404F0A-06A5-4DDA-B1A3-75934B75D828}"
EndProject
Global
	GlobalSection(SolutionConfigurationPlatforms) = preSolution
		Debug|Any CPU = Debug|Any CPU
		Release|Any CPU = Release|Any CPU
	EndGlobalSection
	GlobalSection(ProjectConfigurationPlatforms) = postSolution
		{D09280FA-2F53-469B-BAC6-C9A340968CA3}.Debug|Any CPU.ActiveCfg = Debug|Any CPU
		{D09280FA-2F53-469B-BAC6-C9A340968CA3}.Debug|Any CPU.Build.0 = Debug|Any CPU
		{D09280FA-2F53-469B-BAC6-C9A340968CA3}.Release|Any CPU.ActiveCfg = Release|Any CPU
		{D09280FA-2F53-469B-BAC6-C9A340968CA3}.Release|Any CPU.Build.0 = Release|Any CPU
		{7A404F0A-06A5-4DDA-B1A3-75934B75D828}.Debug|Any CPU.ActiveCfg = Debug|Any CPU
		{7A404F0A-06A5-4DDA-B1A3-75934B75D828}.Debug|Any CPU.Build.0 = Debug|Any CPU
		{7A404F0A-06A5-4DDA-B1A3-75934B75D828}.Release|Any CPU.ActiveCfg = Release|Any CPU
		{7A404F0A-06A5-4DDA-B1A3-75934B75D828}.Release|Any CPU.Build.0 = Release|Any CPU
	EndGlobalSection
	GlobalSection(SolutionProperties) = preSolution
		HideSolutionNode = FALSE
	EndGlobalSection
	GlobalSection(ExtensibilityGlobals) = postSolution
		SolutionGuid = {278C563A-4638-46F9-99DA-A9AD39028173}
	EndGlobalSection
EndGlobal
